
Microsoft Visual Studio Solution File, Format Version 12.00
# Visual Studio Version 17
VisualStudioVersion = 17.11.35327.3
MinimumVisualStudioVersion = 10.0.40219.1
Project("{9A19103F-16F7-4668-BE54-9A1E7A4F7556}") = "SistemaVenta.Entity", "SistemaVenta.Entity\SistemaVenta.Entity.csproj", "{1AED2342-E009-466F-A08D-D895E3A8A583}"
EndProject
Project("{9A19103F-16F7-4668-BE54-9A1E7A4F7556}") = "SistemaVenta.DAL", "SistemaVenta.DAL\SistemaVenta.DAL.csproj", "{1B1F9583-080B-400E-807A-6F685D34B410}"
EndProject
Project("{9A19103F-16F7-4668-BE54-9A1E7A4F7556}") = "SsitemaVenta.BLL", "SsitemaVenta.BLL\SsitemaVenta.BLL.csproj", "{727D4BD7-7C35-4521-BF90-B1033A6578AE}"
EndProject
Project("{9A19103F-16F7-4668-BE54-9A1E7A4F7556}") = "SistemaVenta.IOC", "SistemaVenta.IOC\SistemaVenta.IOC.csproj", "{D9F85249-14CD-49C6-A182-DAA8DC75C4A1}"
EndProject
Project("{9A19103F-16F7-4668-BE54-9A1E7A4F7556}") = "SistemaVenta.AplicacionWeb", "SistemaVenta.AplicacionWeb\SistemaVenta.AplicacionWeb.csproj", "{8DFCF4C4-9640-40AB-AB7E-65F894F6EBE1}"
EndProject
Global
	GlobalSection(SolutionConfigurationPlatforms) = preSolution
		Debug|Any CPU = Debug|Any CPU
		Release|Any CPU = Release|Any CPU
	EndGlobalSection
	GlobalSection(ProjectConfigurationPlatforms) = postSolution
		{1AED2342-E009-466F-A08D-D895E3A8A583}.Debug|Any CPU.ActiveCfg = Debug|Any CPU
		{1AED2342-E009-466F-A08D-D895E3A8A583}.Debug|Any CPU.Build.0 = Debug|Any CPU
		{1AED2342-E009-466F-A08D-D895E3A8A583}.Release|Any CPU.ActiveCfg = Release|Any CPU
		{1AED2342-E009-466F-A08D-D895E3A8A583}.Release|Any CPU.Build.0 = Release|Any CPU
		{1B1F9583-080B-400E-807A-6F685D34B410}.Debug|Any CPU.ActiveCfg = Debug|Any CPU
		{1B1F9583-080B-400E-807A-6F685D34B410}.Debug|Any CPU.Build.0 = Debug|Any CPU
		{1B1F9583-080B-400E-807A-6F685D34B410}.Release|Any CPU.ActiveCfg = Release|Any CPU
		{1B1F9583-080B-400E-807A-6F685D34B410}.Release|Any CPU.Build.0 = Release|Any CPU
		{727D4BD7-7C35-4521-BF90-B1033A6578AE}.Debug|Any CPU.ActiveCfg = Debug|Any CPU
		{727D4BD7-7C35-4521-BF90-B1033A6578AE}.Debug|Any CPU.Build.0 = Debug|Any CPU
		{727D4BD7-7C35-4521-BF90-B1033A6578AE}.Release|Any CPU.ActiveCfg = Release|Any CPU
		{727D4BD7-7C35-4521-BF90-B1033A6578AE}.Release|Any CPU.Build.0 = Release|Any CPU
		{D9F85249-14CD-49C6-A182-DAA8DC75C4A1}.Debug|Any CPU.ActiveCfg = Debug|Any CPU
		{D9F85249-14CD-49C6-A182-DAA8DC75C4A1}.Debug|Any CPU.Build.0 = Debug|Any CPU
		{D9F85249-14CD-49C6-A182-DAA8DC75C4A1}.Release|Any CPU.ActiveCfg = Release|Any CPU
		{D9F85249-14CD-49C6-A182-DAA8DC75C4A1}.Release|Any CPU.Build.0 = Release|Any CPU
		{8DFCF4C4-9640-40AB-AB7E-65F894F6EBE1}.Debug|Any CPU.ActiveCfg = Debug|Any CPU
		{8DFCF4C4-9640-40AB-AB7E-65F894F6EBE1}.Debug|Any CPU.Build.0 = Debug|Any CPU
		{8DFCF4C4-9640-40AB-AB7E-65F894F6EBE1}.Release|Any CPU.ActiveCfg = Release|Any CPU
		{8DFCF4C4-9640-40AB-AB7E-65F894F6EBE1}.Release|Any CPU.Build.0 = Release|Any CPU
	EndGlobalSection
	GlobalSection(SolutionProperties) = preSolution
		HideSolutionNode = FALSE
	EndGlobalSection
	GlobalSection(ExtensibilityGlobals) = postSolution
		SolutionGuid = {18C315AE-C684-4718-81C8-61654C6EACEE}
	EndGlobalSection
EndGlobal
